
Microsoft Visual Studio Solution File, Format Version 12.00
# Visual Studio Version 16
VisualStudioVersion = 16.0.30804.86
MinimumVisualStudioVersion = 10.0.40219.1
Project("{FAE04EC0-301F-11D3-BF4B-00C04F79EFBC}") = "xyPlaneGen", "xyPlaneGen\xyPlaneGen.csproj", "{7482753A-A99D-41FD-962B-3D8DEE9820FD}"
EndProject
Global
	GlobalSection(SolutionConfigurationPlatforms) = preSolution
		Debug|Any CPU = Debug|Any CPU
		Release|Any CPU = Release|Any CPU
	EndGlobalSection
	GlobalSection(ProjectConfigurationPlatforms) = postSolution
		{7482753A-A99D-41FD-962B-3D8DEE9820FD}.Debug|Any CPU.ActiveCfg = Debug|Any CPU
		{7482753A-A99D-41FD-962B-3D8DEE9820FD}.Debug|Any CPU.Build.0 = Debug|Any CPU
		{7482753A-A99D-41FD-962B-3D8DEE9820FD}.Release|Any CPU.ActiveCfg = Release|Any CPU
		{7482753A-A99D-41FD-962B-3D8DEE9820FD}.Release|Any CPU.Build.0 = Release|Any CPU
	EndGlobalSection
	GlobalSection(SolutionProperties) = preSolution
		HideSolutionNode = FALSE
	EndGlobalSection
	GlobalSection(ExtensibilityGlobals) = postSolution
		SolutionGuid = {1BDEEC3C-3E8A-4DB0-8209-7F9FC93E3316}
	EndGlobalSection
EndGlobal
